
Microsoft Visual Studio Solution File, Format Version 11.00
# Visual Studio 2010
Project("{FAE04EC0-301F-11D3-BF4B-00C04F79EFBC}") = "PDG_VR_Demo", "Assembly-CSharp.csproj", "{1ED9F63A-45B4-61F6-986F-6BE28B56D450}"
EndProject
Project("{FAE04EC0-301F-11D3-BF4B-00C04F79EFBC}") = "PDG_VR_Demo", "Assembly-CSharp-firstpass.csproj", "{E5ED206A-B024-3775-6B64-EBF9BC903109}"
EndProject
Project("{FAE04EC0-301F-11D3-BF4B-00C04F79EFBC}") = "PDG_VR_Demo", "Assembly-CSharp-Editor-firstpass.csproj", "{498103D2-A4E1-E73D-7A3A-A52E1A91122B}"
EndProject
Project("{FAE04EC0-301F-11D3-BF4B-00C04F79EFBC}") = "PDG_VR_Demo", "Assembly-CSharp-Editor.csproj", "{BBEC5B36-4CD7-A178-FFC1-D28285981DE5}"
EndProject
Global
	GlobalSection(SolutionConfigurationPlatforms) = preSolution
		Debug|Any CPU = Debug|Any CPU
		Release|Any CPU = Release|Any CPU
	EndGlobalSection
	GlobalSection(ProjectConfigurationPlatforms) = postSolution
		{1ED9F63A-45B4-61F6-986F-6BE28B56D450}.Debug|Any CPU.ActiveCfg = Debug|Any CPU
		{1ED9F63A-45B4-61F6-986F-6BE28B56D450}.Debug|Any CPU.Build.0 = Debug|Any CPU
		{1ED9F63A-45B4-61F6-986F-6BE28B56D450}.Release|Any CPU.ActiveCfg = Release|Any CPU
		{1ED9F63A-45B4-61F6-986F-6BE28B56D450}.Release|Any CPU.Build.0 = Release|Any CPU
		{E5ED206A-B024-3775-6B64-EBF9BC903109}.Debug|Any CPU.ActiveCfg = Debug|Any CPU
		{E5ED206A-B024-3775-6B64-EBF9BC903109}.Debug|Any CPU.Build.0 = Debug|Any CPU
		{E5ED206A-B024-3775-6B64-EBF9BC903109}.Release|Any CPU.ActiveCfg = Release|Any CPU
		{E5ED206A-B024-3775-6B64-EBF9BC903109}.Release|Any CPU.Build.0 = Release|Any CPU
		{498103D2-A4E1-E73D-7A3A-A52E1A91122B}.Debug|Any CPU.ActiveCfg = Debug|Any CPU
		{498103D2-A4E1-E73D-7A3A-A52E1A91122B}.Debug|Any CPU.Build.0 = Debug|Any CPU
		{498103D2-A4E1-E73D-7A3A-A52E1A91122B}.Release|Any CPU.ActiveCfg = Release|Any CPU
		{498103D2-A4E1-E73D-7A3A-A52E1A91122B}.Release|Any CPU.Build.0 = Release|Any CPU
		{BBEC5B36-4CD7-A178-FFC1-D28285981DE5}.Debug|Any CPU.ActiveCfg = Debug|Any CPU
		{BBEC5B36-4CD7-A178-FFC1-D28285981DE5}.Debug|Any CPU.Build.0 = Debug|Any CPU
		{BBEC5B36-4CD7-A178-FFC1-D28285981DE5}.Release|Any CPU.ActiveCfg = Release|Any CPU
		{BBEC5B36-4CD7-A178-FFC1-D28285981DE5}.Release|Any CPU.Build.0 = Release|Any CPU
	EndGlobalSection
	GlobalSection(SolutionProperties) = preSolution
		HideSolutionNode = FALSE
	EndGlobalSection
	GlobalSection(MonoDevelopProperties) = preSolution
		StartupItem = Assembly-CSharp.csproj
	EndGlobalSection
EndGlobal
